// !$*UTF8*$!
{
	archiveVersion = 1;
	classes = {
	};
	objectVersion = 46;
	objects = {

/* Begin PBXBuildFile section */
		CF4B23A0165F4343004F0E5B /* UIKit.framework in Frameworks */ = {isa = PBXBuildFile; fileRef = CF4B239F165F4343004F0E5B /* UIKit.framework */; };
		CF4B23A2165F4343004F0E5B /* Foundation.framework in Frameworks */ = {isa = PBXBuildFile; fileRef = CF4B23A1165F4343004F0E5B /* Foundation.framework */; };
		CF4B23A4165F4343004F0E5B /* CoreGraphics.framework in Frameworks */ = {isa = PBXBuildFile; fileRef = CF4B23A3165F4343004F0E5B /* CoreGraphics.framework */; };
		CF4B23AA165F4343004F0E5B /* InfoPlist.strings in Resources */ = {isa = PBXBuildFile; fileRef = CF4B23A8165F4343004F0E5B /* InfoPlist.strings */; };
		CF4B23AC165F4343004F0E5B /* main.m in Sources */ = {isa = PBXBuildFile; fileRef = CF4B23AB165F4343004F0E5B /* main.m */; };
		CF4B23B0165F4343004F0E5B /* AppDelegate.m in Sources */ = {isa = PBXBuildFile; fileRef = CF4B23AF165F4343004F0E5B /* AppDelegate.m */; };
		CF4B23B2165F4343004F0E5B /* Default.png in Resources */ = {isa = PBXBuildFile; fileRef = CF4B23B1165F4343004F0E5B /* Default.png */; };
		CF4B23B4165F4343004F0E5B /* Default@2x.png in Resources */ = {isa = PBXBuildFile; fileRef = CF4B23B3165F4343004F0E5B /* Default@2x.png */; };
		CF4B23B6165F4343004F0E5B /* Default-568h@2x.png in Resources */ = {isa = PBXBuildFile; fileRef = CF4B23B5165F4343004F0E5B /* Default-568h@2x.png */; };
		CF4B23BF165F43A1004F0E5B /* RLView.m in Sources */ = {isa = PBXBuildFile; fileRef = CF4B23BE165F43A1004F0E5B /* RLView.m */; };
		CF4B23CA165F43C5004F0E5B /* RLArray.m in Sources */ = {isa = PBXBuildFile; fileRef = CF4B23C1165F43C5004F0E5B /* RLArray.m */; };
		CF4B23CB165F43C5004F0E5B /* RLUIAction.m in Sources */ = {isa = PBXBuildFile; fileRef = CF4B23C3165F43C5004F0E5B /* RLUIAction.m */; };
		CF4B23CC165F43C5004F0E5B /* RLUIActionInterval.m in Sources */ = {isa = PBXBuildFile; fileRef = CF4B23C5165F43C5004F0E5B /* RLUIActionInterval.m */; };
		CF4B23CD165F43C5004F0E5B /* RLUIActionInstant.m in Sources */ = {isa = PBXBuildFile; fileRef = CF4B23C7165F43C5004F0E5B /* RLUIActionInstant.m */; };
		CF4B23CE165F43C5004F0E5B /* RLUIActionManager.m in Sources */ = {isa = PBXBuildFile; fileRef = CF4B23C9165F43C5004F0E5B /* RLUIActionManager.m */; };
		CF4B23D1165F4486004F0E5B /* QuartzCore.framework in Frameworks */ = {isa = PBXBuildFile; fileRef = CF4B23D0165F4486004F0E5B /* QuartzCore.framework */; };
		CF4B23D4165F44FD004F0E5B /* RLActionViewController.m in Sources */ = {isa = PBXBuildFile; fileRef = CF4B23D3165F44FD004F0E5B /* RLActionViewController.m */; };
/* End PBXBuildFile section */

/* Begin PBXFileReference section */
		CF4B239B165F4343004F0E5B /* RLUIAction.app */ = {isa = PBXFileReference; explicitFileType = wrapper.application; includeInIndex = 0; path = RLUIAction.app; sourceTree = BUILT_PRODUCTS_DIR; };
		CF4B239F165F4343004F0E5B /* UIKit.framework */ = {isa = PBXFileReference; lastKnownFileType = wrapper.framework; name = UIKit.framework; path = System/Library/Frameworks/UIKit.framework; sourceTree = SDKROOT; };
		CF4B23A1165F4343004F0E5B /* Foundation.framework */ = {isa = PBXFileReference; lastKnownFileType = wrapper.framework; name = Foundation.framework; path = System/Library/Frameworks/Foundation.framework; sourceTree = SDKROOT; };
		CF4B23A3165F4343004F0E5B /* CoreGraphics.framework */ = {isa = PBXFileReference; lastKnownFileType = wrapper.framework; name = CoreGraphics.framework; path = System/Library/Frameworks/CoreGraphics.framework; sourceTree = SDKROOT; };
		CF4B23A7165F4343004F0E5B /* RLUIAction-Info.plist */ = {isa = PBXFileReference; lastKnownFileType = text.plist.xml; path = "RLUIAction-Info.plist"; sourceTree = "<group>"; };
		CF4B23A9165F4343004F0E5B /* en */ = {isa = PBXFileReference; lastKnownFileType = text.plist.strings; name = en; path = en.lproj/InfoPlist.strings; sourceTree = "<group>"; };
		CF4B23AB165F4343004F0E5B /* main.m */ = {isa = PBXFileReference; lastKnownFileType = sourcecode.c.objc; path = main.m; sourceTree = "<group>"; };
		CF4B23AD165F4343004F0E5B /* RLUIAction-Prefix.pch */ = {isa = PBXFileReference; lastKnownFileType = sourcecode.c.h; path = "RLUIAction-Prefix.pch"; sourceTree = "<group>"; };
		CF4B23AE165F4343004F0E5B /* AppDelegate.h */ = {isa = PBXFileReference; lastKnownFileType = sourcecode.c.h; path = AppDelegate.h; sourceTree = "<group>"; };
		CF4B23AF165F4343004F0E5B /* AppDelegate.m */ = {isa = PBXFileReference; lastKnownFileType = sourcecode.c.objc; path = AppDelegate.m; sourceTree = "<group>"; };
		CF4B23B1165F4343004F0E5B /* Default.png */ = {isa = PBXFileReference; lastKnownFileType = image.png; path = Default.png; sourceTree = "<group>"; };
		CF4B23B3165F4343004F0E5B /* Default@2x.png */ = {isa = PBXFileReference; lastKnownFileType = image.png; path = "Default@2x.png"; sourceTree = "<group>"; };
		CF4B23B5165F4343004F0E5B /* Default-568h@2x.png */ = {isa = PBXFileReference; lastKnownFileType = image.png; path = "Default-568h@2x.png"; sourceTree = "<group>"; };
		CF4B23BD165F43A1004F0E5B /* RLView.h */ = {isa = PBXFileReference; fileEncoding = 4; lastKnownFileType = sourcecode.c.h; path = RLView.h; sourceTree = "<group>"; };
		CF4B23BE165F43A1004F0E5B /* RLView.m */ = {isa = PBXFileReference; fileEncoding = 4; lastKnownFileType = sourcecode.c.objc; path = RLView.m; sourceTree = "<group>"; };
		CF4B23C0165F43C5004F0E5B /* RLArray.h */ = {isa = PBXFileReference; fileEncoding = 4; lastKnownFileType = sourcecode.c.h; path = RLArray.h; sourceTree = "<group>"; };
		CF4B23C1165F43C5004F0E5B /* RLArray.m */ = {isa = PBXFileReference; fileEncoding = 4; lastKnownFileType = sourcecode.c.objc; path = RLArray.m; sourceTree = "<group>"; };
		CF4B23C2165F43C5004F0E5B /* RLUIAction.h */ = {isa = PBXFileReference; fileEncoding = 4; lastKnownFileType = sourcecode.c.h; path = RLUIAction.h; sourceTree = "<group>"; };
		CF4B23C3165F43C5004F0E5B /* RLUIAction.m */ = {isa = PBXFileReference; fileEncoding = 4; lastKnownFileType = sourcecode.c.objc; path = RLUIAction.m; sourceTree = "<group>"; };
		CF4B23C4165F43C5004F0E5B /* RLUIActionInterval.h */ = {isa = PBXFileReference; fileEncoding = 4; lastKnownFileType = sourcecode.c.h; path = RLUIActionInterval.h; sourceTree = "<group>"; };
		CF4B23C5165F43C5004F0E5B /* RLUIActionInterval.m */ = {isa = PBXFileReference; fileEncoding = 4; lastKnownFileType = sourcecode.c.objc; path = RLUIActionInterval.m; sourceTree = "<group>"; };
		CF4B23C6165F43C5004F0E5B /* RLUIActionInstant.h */ = {isa = PBXFileReference; fileEncoding = 4; lastKnownFileType = sourcecode.c.h; path = RLUIActionInstant.h; sourceTree = "<group>"; };
		CF4B23C7165F43C5004F0E5B /* RLUIActionInstant.m */ = {isa = PBXFileReference; fileEncoding = 4; lastKnownFileType = sourcecode.c.objc; path = RLUIActionInstant.m; sourceTree = "<group>"; };
		CF4B23C8165F43C5004F0E5B /* RLUIActionManager.h */ = {isa = PBXFileReference; fileEncoding = 4; lastKnownFileType = sourcecode.c.h; path = RLUIActionManager.h; sourceTree = "<group>"; };
		CF4B23C9165F43C5004F0E5B /* RLUIActionManager.m */ = {isa = PBXFileReference; fileEncoding = 4; lastKnownFileType = sourcecode.c.objc; path = RLUIActionManager.m; sourceTree = "<group>"; };
		CF4B23CF165F43F9004F0E5B /* RLConfig.h */ = {isa = PBXFileReference; lastKnownFileType = sourcecode.c.h; path = RLConfig.h; sourceTree = "<group>"; };
		CF4B23D0165F4486004F0E5B /* QuartzCore.framework */ = {isa = PBXFileReference; lastKnownFileType = wrapper.framework; name = QuartzCore.framework; path = System/Library/Frameworks/QuartzCore.framework; sourceTree = SDKROOT; };
		CF4B23D2165F44FD004F0E5B /* RLActionViewController.h */ = {isa = PBXFileReference; fileEncoding = 4; lastKnownFileType = sourcecode.c.h; path = RLActionViewController.h; sourceTree = "<group>"; };
		CF4B23D3165F44FD004F0E5B /* RLActionViewController.m */ = {isa = PBXFileReference; fileEncoding = 4; lastKnownFileType = sourcecode.c.objc; path = RLActionViewController.m; sourceTree = "<group>"; };
/* End PBXFileReference section */

/* Begin PBXFrameworksBuildPhase section */
		CF4B2398165F4343004F0E5B /* Frameworks */ = {
			isa = PBXFrameworksBuildPhase;
			buildActionMask = 2147483647;
			files = (
				CF4B23D1165F4486004F0E5B /* QuartzCore.framework in Frameworks */,
				CF4B23A0165F4343004F0E5B /* UIKit.framework in Frameworks */,
				CF4B23A2165F4343004F0E5B /* Foundation.framework in Frameworks */,
				CF4B23A4165F4343004F0E5B /* CoreGraphics.framework in Frameworks */,
			);
			runOnlyForDeploymentPostprocessing = 0;
		};
/* End PBXFrameworksBuildPhase section */

/* Begin PBXGroup section */
		CF4B2390165F4343004F0E5B = {
			isa = PBXGroup;
			children = (
				CF4B23A5165F4343004F0E5B /* RLUIAction */,
				CF4B239E165F4343004F0E5B /* Frameworks */,
				CF4B239C165F4343004F0E5B /* Products */,
			);
			sourceTree = "<group>";
		};
		CF4B239C165F4343004F0E5B /* Products */ = {
			isa = PBXGroup;
			children = (
				CF4B239B165F4343004F0E5B /* RLUIAction.app */,
			);
			name = Products;
			sourceTree = "<group>";
		};
		CF4B239E165F4343004F0E5B /* Frameworks */ = {
			isa = PBXGroup;
			children = (
				CF4B23D0165F4486004F0E5B /* QuartzCore.framework */,
				CF4B239F165F4343004F0E5B /* UIKit.framework */,
				CF4B23A1165F4343004F0E5B /* Foundation.framework */,
				CF4B23A3165F4343004F0E5B /* CoreGraphics.framework */,
			);
			name = Frameworks;
			sourceTree = "<group>";
		};
		CF4B23A5165F4343004F0E5B /* RLUIAction */ = {
			isa = PBXGroup;
			children = (
				CF4B23BC165F4374004F0E5B /* Actions */,
				CF4B23AE165F4343004F0E5B /* AppDelegate.h */,
				CF4B23AF165F4343004F0E5B /* AppDelegate.m */,
				CF4B23D2165F44FD004F0E5B /* RLActionViewController.h */,
				CF4B23D3165F44FD004F0E5B /* RLActionViewController.m */,
				CF4B23A6165F4343004F0E5B /* Supporting Files */,
			);
			path = RLUIAction;
			sourceTree = "<group>";
		};
		CF4B23A6165F4343004F0E5B /* Supporting Files */ = {
			isa = PBXGroup;
			children = (
				CF4B23A7165F4343004F0E5B /* RLUIAction-Info.plist */,
				CF4B23A8165F4343004F0E5B /* InfoPlist.strings */,
				CF4B23AB165F4343004F0E5B /* main.m */,
				CF4B23AD165F4343004F0E5B /* RLUIAction-Prefix.pch */,
				CF4B23B1165F4343004F0E5B /* Default.png */,
				CF4B23B3165F4343004F0E5B /* Default@2x.png */,
				CF4B23B5165F4343004F0E5B /* Default-568h@2x.png */,
			);
			name = "Supporting Files";
			sourceTree = "<group>";
		};
		CF4B23BC165F4374004F0E5B /* Actions */ = {
			isa = PBXGroup;
			children = (
				CF4B23CF165F43F9004F0E5B /* RLConfig.h */,
				CF4B23BD165F43A1004F0E5B /* RLView.h */,
				CF4B23BE165F43A1004F0E5B /* RLView.m */,
				CF4B23C0165F43C5004F0E5B /* RLArray.h */,
				CF4B23C1165F43C5004F0E5B /* RLArray.m */,
				CF4B23C2165F43C5004F0E5B /* RLUIAction.h */,
				CF4B23C3165F43C5004F0E5B /* RLUIAction.m */,
				CF4B23C4165F43C5004F0E5B /* RLUIActionInterval.h */,
				CF4B23C5165F43C5004F0E5B /* RLUIActionInterval.m */,
				CF4B23C6165F43C5004F0E5B /* RLUIActionInstant.h */,
				CF4B23C7165F43C5004F0E5B /* RLUIActionInstant.m */,
				CF4B23C8165F43C5004F0E5B /* RLUIActionManager.h */,
				CF4B23C9165F43C5004F0E5B /* RLUIActionManager.m */,
			);
			path = Actions;
			sourceTree = "<group>";
		};
/* End PBXGroup section */

/* Begin PBXNativeTarget section */
		CF4B239A165F4343004F0E5B /* RLUIAction */ = {
			isa = PBXNativeTarget;
			buildConfigurationList = CF4B23B9165F4343004F0E5B /* Build configuration list for PBXNativeTarget "RLUIAction" */;
			buildPhases = (
				CF4B2397165F4343004F0E5B /* Sources */,
				CF4B2398165F4343004F0E5B /* Frameworks */,
				CF4B2399165F4343004F0E5B /* Resources */,
			);
			buildRules = (
			);
			dependencies = (
			);
			name = RLUIAction;
			productName = RLUIAction;
			productReference = CF4B239B165F4343004F0E5B /* RLUIAction.app */;
			productType = "com.apple.product-type.application";
		};
/* End PBXNativeTarget section */

/* Begin PBXProject section */
		CF4B2392165F4343004F0E5B /* Project object */ = {
			isa = PBXProject;
			attributes = {
				LastUpgradeCheck = 0450;
				ORGANIZATIONNAME = houfeng;
			};
			buildConfigurationList = CF4B2395165F4343004F0E5B /* Build configuration list for PBXProject "RLUIAction" */;
			compatibilityVersion = "Xcode 3.2";
			developmentRegion = English;
			hasScannedForEncodings = 0;
			knownRegions = (
				en,
			);
			mainGroup = CF4B2390165F4343004F0E5B;
			productRefGroup = CF4B239C165F4343004F0E5B /* Products */;
			projectDirPath = "";
			projectRoot = "";
			targets = (
				CF4B239A165F4343004F0E5B /* RLUIAction */,
			);
		};
/* End PBXProject section */

/* Begin PBXResourcesBuildPhase section */
		CF4B2399165F4343004F0E5B /* Resources */ = {
			isa = PBXResourcesBuildPhase;
			buildActionMask = 2147483647;
			files = (
				CF4B23AA165F4343004F0E5B /* InfoPlist.strings in Resources */,
				CF4B23B2165F4343004F0E5B /* Default.png in Resources */,
				CF4B23B4165F4343004F0E5B /* Default@2x.png in Resources */,
				CF4B23B6165F4343004F0E5B /* Default-568h@2x.png in Resources */,
			);
			runOnlyForDeploymentPostprocessing = 0;
		};
/* End PBXResourcesBuildPhase section */

/* Begin PBXSourcesBuildPhase section */
		CF4B2397165F4343004F0E5B /* Sources */ = {
			isa = PBXSourcesBuildPhase;
			buildActionMask = 2147483647;
			files = (
				CF4B23AC165F4343004F0E5B /* main.m in Sources */,
				CF4B23B0165F4343004F0E5B /* AppDelegate.m in Sources */,
				CF4B23BF165F43A1004F0E5B /* RLView.m in Sources */,
				CF4B23CA165F43C5004F0E5B /* RLArray.m in Sources */,
				CF4B23CB165F43C5004F0E5B /* RLUIAction.m in Sources */,
				CF4B23CC165F43C5004F0E5B /* RLUIActionInterval.m in Sources */,
				CF4B23CD165F43C5004F0E5B /* RLUIActionInstant.m in Sources */,
				CF4B23CE165F43C5004F0E5B /* RLUIActionManager.m in Sources */,
				CF4B23D4165F44FD004F0E5B /* RLActionViewController.m in Sources */,
			);
			runOnlyForDeploymentPostprocessing = 0;
		};
/* End PBXSourcesBuildPhase section */

/* Begin PBXVariantGroup section */
		CF4B23A8165F4343004F0E5B /* InfoPlist.strings */ = {
			isa = PBXVariantGroup;
			children = (
				CF4B23A9165F4343004F0E5B /* en */,
			);
			name = InfoPlist.strings;
			sourceTree = "<group>";
		};
/* End PBXVariantGroup section */

/* Begin XCBuildConfiguration section */
		CF4B23B7165F4343004F0E5B /* Debug */ = {
			isa = XCBuildConfiguration;
			buildSettings = {
				ALWAYS_SEARCH_USER_PATHS = NO;
				CLANG_CXX_LANGUAGE_STANDARD = "gnu++0x";
				CLANG_CXX_LIBRARY = "libc++";
				CLANG_WARN_EMPTY_BODY = YES;
				CLANG_WARN__DUPLICATE_METHOD_MATCH = YES;
				"CODE_SIGN_IDENTITY[sdk=iphoneos*]" = "iPhone Developer";
				COPY_PHASE_STRIP = NO;
				GCC_C_LANGUAGE_STANDARD = gnu99;
				GCC_DYNAMIC_NO_PIC = NO;
				GCC_OPTIMIZATION_LEVEL = 0;
				GCC_PREPROCESSOR_DEFINITIONS = (
					"DEBUG=1",
					"$(inherited)",
				);
				GCC_SYMBOLS_PRIVATE_EXTERN = NO;
				GCC_WARN_ABOUT_RETURN_TYPE = YES;
				GCC_WARN_UNINITIALIZED_AUTOS = YES;
				GCC_WARN_UNUSED_VARIABLE = YES;
				IPHONEOS_DEPLOYMENT_TARGET = 6.0;
				ONLY_ACTIVE_ARCH = YES;
				SDKROOT = iphoneos;
				TARGETED_DEVICE_FAMILY = "1,2";
			};
			name = Debug;
		};
		CF4B23B8165F4343004F0E5B /* Release */ = {
			isa = XCBuildConfiguration;
			buildSettings = {
				ALWAYS_SEARCH_USER_PATHS = NO;
				CLANG_CXX_LANGUAGE_STANDARD = "gnu++0x";
				CLANG_CXX_LIBRARY = "libc++";
				CLANG_WARN_EMPTY_BODY = YES;
				CLANG_WARN__DUPLICATE_METHOD_MATCH = YES;
				"CODE_SIGN_IDENTITY[sdk=iphoneos*]" = "iPhone Developer";
				COPY_PHASE_STRIP = YES;
				GCC_C_LANGUAGE_STANDARD = gnu99;
				GCC_WARN_ABOUT_RETURN_TYPE = YES;
				GCC_WARN_UNINITIALIZED_AUTOS = YES;
				GCC_WARN_UNUSED_VARIABLE = YES;
				IPHONEOS_DEPLOYMENT_TARGET = 6.0;
				OTHER_CFLAGS = "-DNS_BLOCK_ASSERTIONS=1";
				SDKROOT = iphoneos;
				TARGETED_DEVICE_FAMILY = "1,2";
				VALIDATE_PRODUCT = YES;
			};
			name = Release;
		};
		CF4B23BA165F4343004F0E5B /* Debug */ = {
			isa = XCBuildConfiguration;
			buildSettings = {
				GCC_PRECOMPILE_PREFIX_HEADER = YES;
				GCC_PREFIX_HEADER = "RLUIAction/RLUIAction-Prefix.pch";
				INFOPLIST_FILE = "RLUIAction/RLUIAction-Info.plist";
				PRODUCT_NAME = "$(TARGET_NAME)";
				TARGETED_DEVICE_FAMILY = 2;
				WRAPPER_EXTENSION = app;
			};
			name = Debug;
		};
		CF4B23BB165F4343004F0E5B /* Release */ = {
			isa = XCBuildConfiguration;
			buildSettings = {
				GCC_PRECOMPILE_PREFIX_HEADER = YES;
				GCC_PREFIX_HEADER = "RLUIAction/RLUIAction-Prefix.pch";
				INFOPLIST_FILE = "RLUIAction/RLUIAction-Info.plist";
				PRODUCT_NAME = "$(TARGET_NAME)";
				TARGETED_DEVICE_FAMILY = 2;
				WRAPPER_EXTENSION = app;
			};
			name = Release;
		};
/* End XCBuildConfiguration section */

/* Begin XCConfigurationList section */
		CF4B2395165F4343004F0E5B /* Build configuration list for PBXProject "RLUIAction" */ = {
			isa = XCConfigurationList;
			buildConfigurations = (
				CF4B23B7165F4343004F0E5B /* Debug */,
				CF4B23B8165F4343004F0E5B /* Release */,
			);
			defaultConfigurationIsVisible = 0;
			defaultConfigurationName = Release;
		};
		CF4B23B9165F4343004F0E5B /* Build configuration list for PBXNativeTarget "RLUIAction" */ = {
			isa = XCConfigurationList;
			buildConfigurations = (
				CF4B23BA165F4343004F0E5B /* Debug */,
				CF4B23BB165F4343004F0E5B /* Release */,
			);
			defaultConfigurationIsVisible = 0;
		};
/* End XCConfigurationList section */
	};
	rootObject = CF4B2392165F4343004F0E5B /* Project object */;
}
